
Microsoft Visual Studio Solution File, Format Version 12.00
# Visual Studio Version 16
VisualStudioVersion = 16.0.30011.22
MinimumVisualStudioVersion = 10.0.40219.1
Project("{FAE04EC0-301F-11D3-BF4B-00C04F79EFBC}") = "ByteBank.SistemaAgencia", "ByteBank.SistemaAgencia\ByteBank.SistemaAgencia.csproj", "{BE1B10C1-89C8-4258-A042-8D9CC1C5A20C}"
EndProject
Global
	GlobalSection(SolutionConfigurationPlatforms) = preSolution
		Debug|Any CPU = Debug|Any CPU
		Release|Any CPU = Release|Any CPU
	EndGlobalSection
	GlobalSection(ProjectConfigurationPlatforms) = postSolution
		{BE1B10C1-89C8-4258-A042-8D9CC1C5A20C}.Debug|Any CPU.ActiveCfg = Debug|Any CPU
		{BE1B10C1-89C8-4258-A042-8D9CC1C5A20C}.Debug|Any CPU.Build.0 = Debug|Any CPU
		{BE1B10C1-89C8-4258-A042-8D9CC1C5A20C}.Release|Any CPU.ActiveCfg = Release|Any CPU
		{BE1B10C1-89C8-4258-A042-8D9CC1C5A20C}.Release|Any CPU.Build.0 = Release|Any CPU
	EndGlobalSection
	GlobalSection(SolutionProperties) = preSolution
		HideSolutionNode = FALSE
	EndGlobalSection
	GlobalSection(ExtensibilityGlobals) = postSolution
		SolutionGuid = {99A0218C-2934-4AE6-B6DD-04E3DD7F0C20}
	EndGlobalSection
EndGlobal
